
Microsoft Visual Studio Solution File, Format Version 12.00
# Visual Studio Version 16
VisualStudioVersion = 16.0.28803.156
MinimumVisualStudioVersion = 10.0.40219.1
Project("{FAE04EC0-301F-11D3-BF4B-00C04F79EFBC}") = "csharp基础拾遗", "csharp基础拾遗\csharp基础拾遗.csproj", "{4214E0E1-0EEB-45A1-A3C6-2F0B1399C5C0}"
EndProject
Project("{FAE04EC0-301F-11D3-BF4B-00C04F79EFBC}") = "委托链返回值问题", "委托链返回值问题\委托链返回值问题.csproj", "{62DDFCDF-1106-46E4-836C-61769BF08C86}"
EndProject
Project("{FAE04EC0-301F-11D3-BF4B-00C04F79EFBC}") = "事件", "事件\事件.csproj", "{99467FC7-CCE0-4DBD-A994-B872E8461EB3}"
EndProject
Project("{FAE04EC0-301F-11D3-BF4B-00C04F79EFBC}") = "事件例子猫叫事件", "猫叫事件\事件例子猫叫事件.csproj", "{8F7B60B0-EBF4-40F1-BD09-5D680C168869}"
EndProject
Project("{FAE04EC0-301F-11D3-BF4B-00C04F79EFBC}") = "可空类型", "可空类型\可空类型.csproj", "{A9C21E45-5FFF-448F-A7B2-EB8BA1395A22}"
EndProject
Project("{FAE04EC0-301F-11D3-BF4B-00C04F79EFBC}") = "匿名类", "匿名类\匿名类.csproj", "{1CFBA07C-0C64-49C3-AC72-79B09F973EC8}"
EndProject
Project("{FAE04EC0-301F-11D3-BF4B-00C04F79EFBC}") = "预定义委托", "预定义委托\预定义委托.csproj", "{798156AE-DECC-4464-BFE5-815C16E5FAD1}"
EndProject
Project("{9A19103F-16F7-4668-BE54-9A1E7A4F7556}") = "自定义特性", "自定义特性\自定义特性.csproj", "{06AEE5BA-354A-46AB-A106-B0B66F65D0DB}"
EndProject
Project("{9A19103F-16F7-4668-BE54-9A1E7A4F7556}") = "委托", "委托\委托.csproj", "{D5E640C0-F1A6-4D1C-9D33-F7619AD7B20E}"
EndProject
Project("{9A19103F-16F7-4668-BE54-9A1E7A4F7556}") = "迭代器", "迭代器\迭代器.csproj", "{1149A29A-1EA3-420A-83B6-2D4694893333}"
EndProject
Project("{9A19103F-16F7-4668-BE54-9A1E7A4F7556}") = "ThreadLearning", "ThreadLearning\ThreadLearning.csproj", "{1C752C13-A200-4F5C-BFFA-F81E883EA94D}"
EndProject
Project("{9A19103F-16F7-4668-BE54-9A1E7A4F7556}") = "线程池", "线程池\线程池.csproj", "{85916F4F-4448-4F56-82C2-C25CB15E5449}"
EndProject
Project("{9A19103F-16F7-4668-BE54-9A1E7A4F7556}") = "协作式取消线程池线程", "协作式取消线程池线程\协作式取消线程池线程.csproj", "{8EF80E54-5051-4124-9EF9-18F520CCE6EA}"
EndProject
Project("{9A19103F-16F7-4668-BE54-9A1E7A4F7556}") = "文件操作", "文件操作\文件操作.csproj", "{4828F1EA-84EE-48A9-A1D7-5AD02FF9DC18}"
EndProject
Project("{9A19103F-16F7-4668-BE54-9A1E7A4F7556}") = "文件目录创建", "文件目录创建\文件目录创建.csproj", "{CC2FD6E1-37AD-4D73-9F89-91789C8D6271}"
EndProject
Project("{9A19103F-16F7-4668-BE54-9A1E7A4F7556}") = "异步编程", "异步编程\异步编程.csproj", "{B1F2D144-9093-4ACE-9F57-4CA53C600F46}"
EndProject
Project("{9A19103F-16F7-4668-BE54-9A1E7A4F7556}") = "异步例子1", "aynsctest\异步例子1.csproj", "{0327471C-ADD0-42F0-83DD-FB3AFD5D2C94}"
EndProject
Project("{9A19103F-16F7-4668-BE54-9A1E7A4F7556}") = "异步例子2", "testas\异步例子2.csproj", "{B88B918C-6EE2-459C-BE96-40403A30E41F}"
EndProject
Project("{9A19103F-16F7-4668-BE54-9A1E7A4F7556}") = "异步列子3", "异步列子3\异步列子3.csproj", "{25F9BAFC-A54C-4417-AE79-17F189E15FC1}"
EndProject
Project("{9A19103F-16F7-4668-BE54-9A1E7A4F7556}") = "异步例子4", "异步例子4\异步例子4.csproj", "{A092665F-D321-44B8-B2AA-4D5A56651C5A}"
EndProject
Project("{9A19103F-16F7-4668-BE54-9A1E7A4F7556}") = "自定义委托", "自定义委托\自定义委托.csproj", "{EE60B30F-57F4-4C1D-B727-10D54FE414C2}"
EndProject
Project("{9A19103F-16F7-4668-BE54-9A1E7A4F7556}") = "文件读写", "文件读写\文件读写.csproj", "{28AA1F3C-7CD3-45C1-83E4-D0599AC29C26}"
EndProject
Project("{9A19103F-16F7-4668-BE54-9A1E7A4F7556}") = "文件边读边写", "文件边读边写\文件边读边写.csproj", "{F1194506-8C07-4FC4-BDE9-2DF026D13426}"
EndProject
Project("{9A19103F-16F7-4668-BE54-9A1E7A4F7556}") = "多线程基础", "多线程基础\多线程基础.csproj", "{3000C4BD-4D47-4841-9879-0E651091681A}"
EndProject
Project("{9A19103F-16F7-4668-BE54-9A1E7A4F7556}") = "索引器", "索引器\索引器.csproj", "{F541663D-5AB2-43BD-8E4E-6D1DF464D911}"
EndProject
Project("{9A19103F-16F7-4668-BE54-9A1E7A4F7556}") = "泛型", "泛型\泛型.csproj", "{65F0A146-EE60-4D09-9E16-DE548688A381}"
EndProject
Project("{9A19103F-16F7-4668-BE54-9A1E7A4F7556}") = "drivetest", "Derivetest\drivetest.csproj", "{87C4ABCA-641F-4297-955B-9C43E396A378}"
EndProject
Project("{9A19103F-16F7-4668-BE54-9A1E7A4F7556}") = "FileOperationTest", "FileOpreationTest\FileOperationTest.csproj", "{90695042-CCB1-43B2-9BB0-617374686E48}"
EndProject
Project("{9A19103F-16F7-4668-BE54-9A1E7A4F7556}") = "StreamReaderTest", "StreamReaderTest\StreamReaderTest.csproj", "{33CEB8FF-E3B1-4313-BECD-F3B253826C8D}"
EndProject
Project("{9A19103F-16F7-4668-BE54-9A1E7A4F7556}") = "FileStreamTest", "FileStreamTest\FileStreamTest.csproj", "{975937F1-4113-4757-B7F7-445FB9167DCC}"
EndProject
Project("{FAE04EC0-301F-11D3-BF4B-00C04F79EFBC}") = "AutoMapperDemo", "AutoMapperDemo\AutoMapperDemo.csproj", "{A3940421-101B-45FC-80B5-2DC47790B658}"
EndProject
Global
	GlobalSection(SolutionConfigurationPlatforms) = preSolution
		Debug|Any CPU = Debug|Any CPU
		Release|Any CPU = Release|Any CPU
	EndGlobalSection
	GlobalSection(ProjectConfigurationPlatforms) = postSolution
		{4214E0E1-0EEB-45A1-A3C6-2F0B1399C5C0}.Debug|Any CPU.ActiveCfg = Debug|Any CPU
		{4214E0E1-0EEB-45A1-A3C6-2F0B1399C5C0}.Debug|Any CPU.Build.0 = Debug|Any CPU
		{4214E0E1-0EEB-45A1-A3C6-2F0B1399C5C0}.Release|Any CPU.ActiveCfg = Release|Any CPU
		{4214E0E1-0EEB-45A1-A3C6-2F0B1399C5C0}.Release|Any CPU.Build.0 = Release|Any CPU
		{62DDFCDF-1106-46E4-836C-61769BF08C86}.Debug|Any CPU.ActiveCfg = Debug|Any CPU
		{62DDFCDF-1106-46E4-836C-61769BF08C86}.Debug|Any CPU.Build.0 = Debug|Any CPU
		{62DDFCDF-1106-46E4-836C-61769BF08C86}.Release|Any CPU.ActiveCfg = Release|Any CPU
		{62DDFCDF-1106-46E4-836C-61769BF08C86}.Release|Any CPU.Build.0 = Release|Any CPU
		{99467FC7-CCE0-4DBD-A994-B872E8461EB3}.Debug|Any CPU.ActiveCfg = Debug|Any CPU
		{99467FC7-CCE0-4DBD-A994-B872E8461EB3}.Debug|Any CPU.Build.0 = Debug|Any CPU
		{99467FC7-CCE0-4DBD-A994-B872E8461EB3}.Release|Any CPU.ActiveCfg = Release|Any CPU
		{99467FC7-CCE0-4DBD-A994-B872E8461EB3}.Release|Any CPU.Build.0 = Release|Any CPU
		{8F7B60B0-EBF4-40F1-BD09-5D680C168869}.Debug|Any CPU.ActiveCfg = Debug|Any CPU
		{8F7B60B0-EBF4-40F1-BD09-5D680C168869}.Debug|Any CPU.Build.0 = Debug|Any CPU
		{8F7B60B0-EBF4-40F1-BD09-5D680C168869}.Release|Any CPU.ActiveCfg = Release|Any CPU
		{8F7B60B0-EBF4-40F1-BD09-5D680C168869}.Release|Any CPU.Build.0 = Release|Any CPU
		{A9C21E45-5FFF-448F-A7B2-EB8BA1395A22}.Debug|Any CPU.ActiveCfg = Debug|Any CPU
		{A9C21E45-5FFF-448F-A7B2-EB8BA1395A22}.Debug|Any CPU.Build.0 = Debug|Any CPU
		{A9C21E45-5FFF-448F-A7B2-EB8BA1395A22}.Release|Any CPU.ActiveCfg = Release|Any CPU
		{A9C21E45-5FFF-448F-A7B2-EB8BA1395A22}.Release|Any CPU.Build.0 = Release|Any CPU
		{1CFBA07C-0C64-49C3-AC72-79B09F973EC8}.Debug|Any CPU.ActiveCfg = Debug|Any CPU
		{1CFBA07C-0C64-49C3-AC72-79B09F973EC8}.Debug|Any CPU.Build.0 = Debug|Any CPU
		{1CFBA07C-0C64-49C3-AC72-79B09F973EC8}.Release|Any CPU.ActiveCfg = Release|Any CPU
		{1CFBA07C-0C64-49C3-AC72-79B09F973EC8}.Release|Any CPU.Build.0 = Release|Any CPU
		{798156AE-DECC-4464-BFE5-815C16E5FAD1}.Debug|Any CPU.ActiveCfg = Debug|Any CPU
		{798156AE-DECC-4464-BFE5-815C16E5FAD1}.Debug|Any CPU.Build.0 = Debug|Any CPU
		{798156AE-DECC-4464-BFE5-815C16E5FAD1}.Release|Any CPU.ActiveCfg = Release|Any CPU
		{798156AE-DECC-4464-BFE5-815C16E5FAD1}.Release|Any CPU.Build.0 = Release|Any CPU
		{06AEE5BA-354A-46AB-A106-B0B66F65D0DB}.Debug|Any CPU.ActiveCfg = Debug|Any CPU
		{06AEE5BA-354A-46AB-A106-B0B66F65D0DB}.Debug|Any CPU.Build.0 = Debug|Any CPU
		{06AEE5BA-354A-46AB-A106-B0B66F65D0DB}.Release|Any CPU.ActiveCfg = Release|Any CPU
		{06AEE5BA-354A-46AB-A106-B0B66F65D0DB}.Release|Any CPU.Build.0 = Release|Any CPU
		{D5E640C0-F1A6-4D1C-9D33-F7619AD7B20E}.Debug|Any CPU.ActiveCfg = Debug|Any CPU
		{D5E640C0-F1A6-4D1C-9D33-F7619AD7B20E}.Debug|Any CPU.Build.0 = Debug|Any CPU
		{D5E640C0-F1A6-4D1C-9D33-F7619AD7B20E}.Release|Any CPU.ActiveCfg = Release|Any CPU
		{D5E640C0-F1A6-4D1C-9D33-F7619AD7B20E}.Release|Any CPU.Build.0 = Release|Any CPU
		{1149A29A-1EA3-420A-83B6-2D4694893333}.Debug|Any CPU.ActiveCfg = Debug|Any CPU
		{1149A29A-1EA3-420A-83B6-2D4694893333}.Debug|Any CPU.Build.0 = Debug|Any CPU
		{1149A29A-1EA3-420A-83B6-2D4694893333}.Release|Any CPU.ActiveCfg = Release|Any CPU
		{1149A29A-1EA3-420A-83B6-2D4694893333}.Release|Any CPU.Build.0 = Release|Any CPU
		{1C752C13-A200-4F5C-BFFA-F81E883EA94D}.Debug|Any CPU.ActiveCfg = Debug|Any CPU
		{1C752C13-A200-4F5C-BFFA-F81E883EA94D}.Debug|Any CPU.Build.0 = Debug|Any CPU
		{1C752C13-A200-4F5C-BFFA-F81E883EA94D}.Release|Any CPU.ActiveCfg = Release|Any CPU
		{1C752C13-A200-4F5C-BFFA-F81E883EA94D}.Release|Any CPU.Build.0 = Release|Any CPU
		{85916F4F-4448-4F56-82C2-C25CB15E5449}.Debug|Any CPU.ActiveCfg = Debug|Any CPU
		{85916F4F-4448-4F56-82C2-C25CB15E5449}.Debug|Any CPU.Build.0 = Debug|Any CPU
		{85916F4F-4448-4F56-82C2-C25CB15E5449}.Release|Any CPU.ActiveCfg = Release|Any CPU
		{85916F4F-4448-4F56-82C2-C25CB15E5449}.Release|Any CPU.Build.0 = Release|Any CPU
		{8EF80E54-5051-4124-9EF9-18F520CCE6EA}.Debug|Any CPU.ActiveCfg = Debug|Any CPU
		{8EF80E54-5051-4124-9EF9-18F520CCE6EA}.Debug|Any CPU.Build.0 = Debug|Any CPU
		{8EF80E54-5051-4124-9EF9-18F520CCE6EA}.Release|Any CPU.ActiveCfg = Release|Any CPU
		{8EF80E54-5051-4124-9EF9-18F520CCE6EA}.Release|Any CPU.Build.0 = Release|Any CPU
		{4828F1EA-84EE-48A9-A1D7-5AD02FF9DC18}.Debug|Any CPU.ActiveCfg = Debug|Any CPU
		{4828F1EA-84EE-48A9-A1D7-5AD02FF9DC18}.Debug|Any CPU.Build.0 = Debug|Any CPU
		{4828F1EA-84EE-48A9-A1D7-5AD02FF9DC18}.Release|Any CPU.ActiveCfg = Release|Any CPU
		{4828F1EA-84EE-48A9-A1D7-5AD02FF9DC18}.Release|Any CPU.Build.0 = Release|Any CPU
		{CC2FD6E1-37AD-4D73-9F89-91789C8D6271}.Debug|Any CPU.ActiveCfg = Debug|Any CPU
		{CC2FD6E1-37AD-4D73-9F89-91789C8D6271}.Debug|Any CPU.Build.0 = Debug|Any CPU
		{CC2FD6E1-37AD-4D73-9F89-91789C8D6271}.Release|Any CPU.ActiveCfg = Release|Any CPU
		{CC2FD6E1-37AD-4D73-9F89-91789C8D6271}.Release|Any CPU.Build.0 = Release|Any CPU
		{B1F2D144-9093-4ACE-9F57-4CA53C600F46}.Debug|Any CPU.ActiveCfg = Debug|Any CPU
		{B1F2D144-9093-4ACE-9F57-4CA53C600F46}.Debug|Any CPU.Build.0 = Debug|Any CPU
		{B1F2D144-9093-4ACE-9F57-4CA53C600F46}.Release|Any CPU.ActiveCfg = Release|Any CPU
		{B1F2D144-9093-4ACE-9F57-4CA53C600F46}.Release|Any CPU.Build.0 = Release|Any CPU
		{0327471C-ADD0-42F0-83DD-FB3AFD5D2C94}.Debug|Any CPU.ActiveCfg = Debug|Any CPU
		{0327471C-ADD0-42F0-83DD-FB3AFD5D2C94}.Debug|Any CPU.Build.0 = Debug|Any CPU
		{0327471C-ADD0-42F0-83DD-FB3AFD5D2C94}.Release|Any CPU.ActiveCfg = Release|Any CPU
		{0327471C-ADD0-42F0-83DD-FB3AFD5D2C94}.Release|Any CPU.Build.0 = Release|Any CPU
		{B88B918C-6EE2-459C-BE96-40403A30E41F}.Debug|Any CPU.ActiveCfg = Debug|Any CPU
		{B88B918C-6EE2-459C-BE96-40403A30E41F}.Debug|Any CPU.Build.0 = Debug|Any CPU
		{B88B918C-6EE2-459C-BE96-40403A30E41F}.Release|Any CPU.ActiveCfg = Release|Any CPU
		{B88B918C-6EE2-459C-BE96-40403A30E41F}.Release|Any CPU.Build.0 = Release|Any CPU
		{25F9BAFC-A54C-4417-AE79-17F189E15FC1}.Debug|Any CPU.ActiveCfg = Debug|Any CPU
		{25F9BAFC-A54C-4417-AE79-17F189E15FC1}.Debug|Any CPU.Build.0 = Debug|Any CPU
		{25F9BAFC-A54C-4417-AE79-17F189E15FC1}.Release|Any CPU.ActiveCfg = Release|Any CPU
		{25F9BAFC-A54C-4417-AE79-17F189E15FC1}.Release|Any CPU.Build.0 = Release|Any CPU
		{A092665F-D321-44B8-B2AA-4D5A56651C5A}.Debug|Any CPU.ActiveCfg = Debug|Any CPU
		{A092665F-D321-44B8-B2AA-4D5A56651C5A}.Debug|Any CPU.Build.0 = Debug|Any CPU
		{A092665F-D321-44B8-B2AA-4D5A56651C5A}.Release|Any CPU.ActiveCfg = Release|Any CPU
		{A092665F-D321-44B8-B2AA-4D5A56651C5A}.Release|Any CPU.Build.0 = Release|Any CPU
		{EE60B30F-57F4-4C1D-B727-10D54FE414C2}.Debug|Any CPU.ActiveCfg = Debug|Any CPU
		{EE60B30F-57F4-4C1D-B727-10D54FE414C2}.Debug|Any CPU.Build.0 = Debug|Any CPU
		{EE60B30F-57F4-4C1D-B727-10D54FE414C2}.Release|Any CPU.ActiveCfg = Release|Any CPU
		{EE60B30F-57F4-4C1D-B727-10D54FE414C2}.Release|Any CPU.Build.0 = Release|Any CPU
		{28AA1F3C-7CD3-45C1-83E4-D0599AC29C26}.Debug|Any CPU.ActiveCfg = Debug|Any CPU
		{28AA1F3C-7CD3-45C1-83E4-D0599AC29C26}.Debug|Any CPU.Build.0 = Debug|Any CPU
		{28AA1F3C-7CD3-45C1-83E4-D0599AC29C26}.Release|Any CPU.ActiveCfg = Release|Any CPU
		{28AA1F3C-7CD3-45C1-83E4-D0599AC29C26}.Release|Any CPU.Build.0 = Release|Any CPU
		{F1194506-8C07-4FC4-BDE9-2DF026D13426}.Debug|Any CPU.ActiveCfg = Debug|Any CPU
		{F1194506-8C07-4FC4-BDE9-2DF026D13426}.Debug|Any CPU.Build.0 = Debug|Any CPU
		{F1194506-8C07-4FC4-BDE9-2DF026D13426}.Release|Any CPU.ActiveCfg = Release|Any CPU
		{F1194506-8C07-4FC4-BDE9-2DF026D13426}.Release|Any CPU.Build.0 = Release|Any CPU
		{3000C4BD-4D47-4841-9879-0E651091681A}.Debug|Any CPU.ActiveCfg = Debug|Any CPU
		{3000C4BD-4D47-4841-9879-0E651091681A}.Debug|Any CPU.Build.0 = Debug|Any CPU
		{3000C4BD-4D47-4841-9879-0E651091681A}.Release|Any CPU.ActiveCfg = Release|Any CPU
		{3000C4BD-4D47-4841-9879-0E651091681A}.Release|Any CPU.Build.0 = Release|Any CPU
		{F541663D-5AB2-43BD-8E4E-6D1DF464D911}.Debug|Any CPU.ActiveCfg = Debug|Any CPU
		{F541663D-5AB2-43BD-8E4E-6D1DF464D911}.Debug|Any CPU.Build.0 = Debug|Any CPU
		{F541663D-5AB2-43BD-8E4E-6D1DF464D911}.Release|Any CPU.ActiveCfg = Release|Any CPU
		{F541663D-5AB2-43BD-8E4E-6D1DF464D911}.Release|Any CPU.Build.0 = Release|Any CPU
		{65F0A146-EE60-4D09-9E16-DE548688A381}.Debug|Any CPU.ActiveCfg = Debug|Any CPU
		{65F0A146-EE60-4D09-9E16-DE548688A381}.Debug|Any CPU.Build.0 = Debug|Any CPU
		{65F0A146-EE60-4D09-9E16-DE548688A381}.Release|Any CPU.ActiveCfg = Release|Any CPU
		{65F0A146-EE60-4D09-9E16-DE548688A381}.Release|Any CPU.Build.0 = Release|Any CPU
		{87C4ABCA-641F-4297-955B-9C43E396A378}.Debug|Any CPU.ActiveCfg = Debug|Any CPU
		{87C4ABCA-641F-4297-955B-9C43E396A378}.Debug|Any CPU.Build.0 = Debug|Any CPU
		{87C4ABCA-641F-4297-955B-9C43E396A378}.Release|Any CPU.ActiveCfg = Release|Any CPU
		{87C4ABCA-641F-4297-955B-9C43E396A378}.Release|Any CPU.Build.0 = Release|Any CPU
		{90695042-CCB1-43B2-9BB0-617374686E48}.Debug|Any CPU.ActiveCfg = Debug|Any CPU
		{90695042-CCB1-43B2-9BB0-617374686E48}.Debug|Any CPU.Build.0 = Debug|Any CPU
		{90695042-CCB1-43B2-9BB0-617374686E48}.Release|Any CPU.ActiveCfg = Release|Any CPU
		{90695042-CCB1-43B2-9BB0-617374686E48}.Release|Any CPU.Build.0 = Release|Any CPU
		{33CEB8FF-E3B1-4313-BECD-F3B253826C8D}.Debug|Any CPU.ActiveCfg = Debug|Any CPU
		{33CEB8FF-E3B1-4313-BECD-F3B253826C8D}.Debug|Any CPU.Build.0 = Debug|Any CPU
		{33CEB8FF-E3B1-4313-BECD-F3B253826C8D}.Release|Any CPU.ActiveCfg = Release|Any CPU
		{33CEB8FF-E3B1-4313-BECD-F3B253826C8D}.Release|Any CPU.Build.0 = Release|Any CPU
		{975937F1-4113-4757-B7F7-445FB9167DCC}.Debug|Any CPU.ActiveCfg = Debug|Any CPU
		{975937F1-4113-4757-B7F7-445FB9167DCC}.Debug|Any CPU.Build.0 = Debug|Any CPU
		{975937F1-4113-4757-B7F7-445FB9167DCC}.Release|Any CPU.ActiveCfg = Release|Any CPU
		{975937F1-4113-4757-B7F7-445FB9167DCC}.Release|Any CPU.Build.0 = Release|Any CPU
		{A3940421-101B-45FC-80B5-2DC47790B658}.Debug|Any CPU.ActiveCfg = Debug|Any CPU
		{A3940421-101B-45FC-80B5-2DC47790B658}.Debug|Any CPU.Build.0 = Debug|Any CPU
		{A3940421-101B-45FC-80B5-2DC47790B658}.Release|Any CPU.ActiveCfg = Release|Any CPU
		{A3940421-101B-45FC-80B5-2DC47790B658}.Release|Any CPU.Build.0 = Release|Any CPU
	EndGlobalSection
	GlobalSection(SolutionProperties) = preSolution
		HideSolutionNode = FALSE
	EndGlobalSection
	GlobalSection(ExtensibilityGlobals) = postSolution
		SolutionGuid = {75902FE0-995C-4547-9989-AD0E025F4A6D}
	EndGlobalSection
EndGlobal
